
Microsoft Visual Studio Solution File, Format Version 12.00
# Visual Studio Version 16
VisualStudioVersion = 16.0.29123.88
MinimumVisualStudioVersion = 10.0.40219.1
Project("{888888A0-9F3D-457C-B088-3A5042F75D52}") = "searching_debug", "searching_debug\searching_debug.pyproj", "{4FCB29DB-6CA9-4788-A5AD-75938F5C873F}"
EndProject
Global
	GlobalSection(SolutionConfigurationPlatforms) = preSolution
		Debug|Any CPU = Debug|Any CPU
		Release|Any CPU = Release|Any CPU
	EndGlobalSection
	GlobalSection(ProjectConfigurationPlatforms) = postSolution
		{4FCB29DB-6CA9-4788-A5AD-75938F5C873F}.Debug|Any CPU.ActiveCfg = Debug|Any CPU
		{4FCB29DB-6CA9-4788-A5AD-75938F5C873F}.Release|Any CPU.ActiveCfg = Release|Any CPU
	EndGlobalSection
	GlobalSection(SolutionProperties) = preSolution
		HideSolutionNode = FALSE
	EndGlobalSection
	GlobalSection(ExtensibilityGlobals) = postSolution
		SolutionGuid = {E165CD5E-A694-45E8-8264-7B9D0805608D}
	EndGlobalSection
EndGlobal
